// !$*UTF8*$!
{
	archiveVersion = 1;
	classes = {
	};
	objectVersion = 46;
	objects = {

/* Begin PBXBuildFile section */
		63AB62F919C2CB1100E2230F /* main.m in Sources */ = {isa = PBXBuildFile; fileRef = 63AB62F819C2CB1100E2230F /* main.m */; };
		63AB62FC19C2CB1100E2230F /* AppDelegate.m in Sources */ = {isa = PBXBuildFile; fileRef = 63AB62FB19C2CB1100E2230F /* AppDelegate.m */; };
		63AB62FF19C2CB1100E2230F /* FirstViewController.m in Sources */ = {isa = PBXBuildFile; fileRef = 63AB62FE19C2CB1100E2230F /* FirstViewController.m */; };
		63AB630219C2CB1100E2230F /* SecondViewController.m in Sources */ = {isa = PBXBuildFile; fileRef = 63AB630119C2CB1100E2230F /* SecondViewController.m */; };
		63AB630519C2CB1100E2230F /* Main.storyboard in Resources */ = {isa = PBXBuildFile; fileRef = 63AB630319C2CB1100E2230F /* Main.storyboard */; };
		63AB630719C2CB1100E2230F /* Images.xcassets in Resources */ = {isa = PBXBuildFile; fileRef = 63AB630619C2CB1100E2230F /* Images.xcassets */; };
		63AB630A19C2CB1100E2230F /* LaunchScreen.xib in Resources */ = {isa = PBXBuildFile; fileRef = 63AB630819C2CB1100E2230F /* LaunchScreen.xib */; };
		63AB631619C2CB1200E2230F /* MatchedUpTests.m in Sources */ = {isa = PBXBuildFile; fileRef = 63AB631519C2CB1200E2230F /* MatchedUpTests.m */; };
		63AB632419C2CBEC00E2230F /* FacebookSDK.framework in Frameworks */ = {isa = PBXBuildFile; fileRef = 63AB632019C2CBEC00E2230F /* FacebookSDK.framework */; };
		63AB632519C2CBEC00E2230F /* Bolts.framework in Frameworks */ = {isa = PBXBuildFile; fileRef = 63AB632119C2CBEC00E2230F /* Bolts.framework */; };
		63AB632619C2CBEC00E2230F /* Parse.framework in Frameworks */ = {isa = PBXBuildFile; fileRef = 63AB632219C2CBEC00E2230F /* Parse.framework */; };
		63AB632919C2CE6C00E2230F /* AudioToolbox.framework in Frameworks */ = {isa = PBXBuildFile; fileRef = 63AB632819C2CE6C00E2230F /* AudioToolbox.framework */; };
		63AB632B19C2CEAF00E2230F /* CoreGraphics.framework in Frameworks */ = {isa = PBXBuildFile; fileRef = 63AB632A19C2CEAF00E2230F /* CoreGraphics.framework */; };
		63AB632D19C2CEB600E2230F /* CoreLocation.framework in Frameworks */ = {isa = PBXBuildFile; fileRef = 63AB632C19C2CEB600E2230F /* CoreLocation.framework */; };
		63AB632F19C2CF0300E2230F /* libz.1.1.3.dylib in Frameworks */ = {isa = PBXBuildFile; fileRef = 63AB632E19C2CF0300E2230F /* libz.1.1.3.dylib */; };
		63AB633119C2CF1800E2230F /* MobileCoreServices.framework in Frameworks */ = {isa = PBXBuildFile; fileRef = 63AB633019C2CF1800E2230F /* MobileCoreServices.framework */; };
		63AB633319C2CF2100E2230F /* QuartzCore.framework in Frameworks */ = {isa = PBXBuildFile; fileRef = 63AB633219C2CF2100E2230F /* QuartzCore.framework */; };
		63AB633519C2CF3400E2230F /* Security.framework in Frameworks */ = {isa = PBXBuildFile; fileRef = 63AB633419C2CF3400E2230F /* Security.framework */; };
		63AB633719C2CF4000E2230F /* SystemConfiguration.framework in Frameworks */ = {isa = PBXBuildFile; fileRef = 63AB633619C2CF4000E2230F /* SystemConfiguration.framework */; };
		63AB633919C2CF4A00E2230F /* StoreKit.framework in Frameworks */ = {isa = PBXBuildFile; fileRef = 63AB633819C2CF4A00E2230F /* StoreKit.framework */; };
		63AB633B19C2CF7800E2230F /* CFNetwork.framework in Frameworks */ = {isa = PBXBuildFile; fileRef = 63AB633A19C2CF7800E2230F /* CFNetwork.framework */; };
		63AB633E19C2CFC100E2230F /* LoginViewController.m in Sources */ = {isa = PBXBuildFile; fileRef = 63AB633D19C2CFC100E2230F /* LoginViewController.m */; };
		63AB634719C2D77700E2230F /* ParseFacebookUtils.framework in Frameworks */ = {isa = PBXBuildFile; fileRef = 63AB634619C2D77700E2230F /* ParseFacebookUtils.framework */; };
		63AB634A19C311CB00E2230F /* Constants.m in Sources */ = {isa = PBXBuildFile; fileRef = 63AB634919C311CB00E2230F /* Constants.m */; };
/* End PBXBuildFile section */

/* Begin PBXContainerItemProxy section */
		63AB631019C2CB1200E2230F /* PBXContainerItemProxy */ = {
			isa = PBXContainerItemProxy;
			containerPortal = 63AB62EB19C2CB1100E2230F /* Project object */;
			proxyType = 1;
			remoteGlobalIDString = 63AB62F219C2CB1100E2230F;
			remoteInfo = MatchedUp;
		};
/* End PBXContainerItemProxy section */

/* Begin PBXFileReference section */
		63AB62F319C2CB1100E2230F /* MatchedUp.app */ = {isa = PBXFileReference; explicitFileType = wrapper.application; includeInIndex = 0; path = MatchedUp.app; sourceTree = BUILT_PRODUCTS_DIR; };
		63AB62F719C2CB1100E2230F /* Info.plist */ = {isa = PBXFileReference; lastKnownFileType = text.plist.xml; path = Info.plist; sourceTree = "<group>"; };
		63AB62F819C2CB1100E2230F /* main.m */ = {isa = PBXFileReference; lastKnownFileType = sourcecode.c.objc; path = main.m; sourceTree = "<group>"; };
		63AB62FA19C2CB1100E2230F /* AppDelegate.h */ = {isa = PBXFileReference; lastKnownFileType = sourcecode.c.h; path = AppDelegate.h; sourceTree = "<group>"; };
		63AB62FB19C2CB1100E2230F /* AppDelegate.m */ = {isa = PBXFileReference; lastKnownFileType = sourcecode.c.objc; path = AppDelegate.m; sourceTree = "<group>"; };
		63AB62FD19C2CB1100E2230F /* FirstViewController.h */ = {isa = PBXFileReference; lastKnownFileType = sourcecode.c.h; path = FirstViewController.h; sourceTree = "<group>"; };
		63AB62FE19C2CB1100E2230F /* FirstViewController.m */ = {isa = PBXFileReference; lastKnownFileType = sourcecode.c.objc; path = FirstViewController.m; sourceTree = "<group>"; };
		63AB630019C2CB1100E2230F /* SecondViewController.h */ = {isa = PBXFileReference; lastKnownFileType = sourcecode.c.h; path = SecondViewController.h; sourceTree = "<group>"; };
		63AB630119C2CB1100E2230F /* SecondViewController.m */ = {isa = PBXFileReference; lastKnownFileType = sourcecode.c.objc; path = SecondViewController.m; sourceTree = "<group>"; };
		63AB630419C2CB1100E2230F /* Base */ = {isa = PBXFileReference; lastKnownFileType = file.storyboard; name = Base; path = Base.lproj/Main.storyboard; sourceTree = "<group>"; };
		63AB630619C2CB1100E2230F /* Images.xcassets */ = {isa = PBXFileReference; lastKnownFileType = folder.assetcatalog; path = Images.xcassets; sourceTree = "<group>"; };
		63AB630919C2CB1100E2230F /* Base */ = {isa = PBXFileReference; lastKnownFileType = file.xib; name = Base; path = Base.lproj/LaunchScreen.xib; sourceTree = "<group>"; };
		63AB630F19C2CB1200E2230F /* MatchedUpTests.xctest */ = {isa = PBXFileReference; explicitFileType = wrapper.cfbundle; includeInIndex = 0; path = MatchedUpTests.xctest; sourceTree = BUILT_PRODUCTS_DIR; };
		63AB631419C2CB1200E2230F /* Info.plist */ = {isa = PBXFileReference; lastKnownFileType = text.plist.xml; path = Info.plist; sourceTree = "<group>"; };
		63AB631519C2CB1200E2230F /* MatchedUpTests.m */ = {isa = PBXFileReference; lastKnownFileType = sourcecode.c.objc; path = MatchedUpTests.m; sourceTree = "<group>"; };
		63AB632019C2CBEC00E2230F /* FacebookSDK.framework */ = {isa = PBXFileReference; lastKnownFileType = wrapper.framework; path = FacebookSDK.framework; sourceTree = "<group>"; };
		63AB632119C2CBEC00E2230F /* Bolts.framework */ = {isa = PBXFileReference; lastKnownFileType = wrapper.framework; path = Bolts.framework; sourceTree = "<group>"; };
		63AB632219C2CBEC00E2230F /* Parse.framework */ = {isa = PBXFileReference; lastKnownFileType = wrapper.framework; path = Parse.framework; sourceTree = "<group>"; };
		63AB632819C2CE6C00E2230F /* AudioToolbox.framework */ = {isa = PBXFileReference; lastKnownFileType = wrapper.framework; name = AudioToolbox.framework; path = System/Library/Frameworks/AudioToolbox.framework; sourceTree = SDKROOT; };
		63AB632A19C2CEAF00E2230F /* CoreGraphics.framework */ = {isa = PBXFileReference; lastKnownFileType = wrapper.framework; name = CoreGraphics.framework; path = System/Library/Frameworks/CoreGraphics.framework; sourceTree = SDKROOT; };
		63AB632C19C2CEB600E2230F /* CoreLocation.framework */ = {isa = PBXFileReference; lastKnownFileType = wrapper.framework; name = CoreLocation.framework; path = System/Library/Frameworks/CoreLocation.framework; sourceTree = SDKROOT; };
		63AB632E19C2CF0300E2230F /* libz.1.1.3.dylib */ = {isa = PBXFileReference; lastKnownFileType = "compiled.mach-o.dylib"; name = libz.1.1.3.dylib; path = usr/lib/libz.1.1.3.dylib; sourceTree = SDKROOT; };
		63AB633019C2CF1800E2230F /* MobileCoreServices.framework */ = {isa = PBXFileReference; lastKnownFileType = wrapper.framework; name = MobileCoreServices.framework; path = System/Library/Frameworks/MobileCoreServices.framework; sourceTree = SDKROOT; };
		63AB633219C2CF2100E2230F /* QuartzCore.framework */ = {isa = PBXFileReference; lastKnownFileType = wrapper.framework; name = QuartzCore.framework; path = System/Library/Frameworks/QuartzCore.framework; sourceTree = SDKROOT; };
		63AB633419C2CF3400E2230F /* Security.framework */ = {isa = PBXFileReference; lastKnownFileType = wrapper.framework; name = Security.framework; path = System/Library/Frameworks/Security.framework; sourceTree = SDKROOT; };
		63AB633619C2CF4000E2230F /* SystemConfiguration.framework */ = {isa = PBXFileReference; lastKnownFileType = wrapper.framework; name = SystemConfiguration.framework; path = System/Library/Frameworks/SystemConfiguration.framework; sourceTree = SDKROOT; };
		63AB633819C2CF4A00E2230F /* StoreKit.framework */ = {isa = PBXFileReference; lastKnownFileType = wrapper.framework; name = StoreKit.framework; path = System/Library/Frameworks/StoreKit.framework; sourceTree = SDKROOT; };
		63AB633A19C2CF7800E2230F /* CFNetwork.framework */ = {isa = PBXFileReference; lastKnownFileType = wrapper.framework; name = CFNetwork.framework; path = System/Library/Frameworks/CFNetwork.framework; sourceTree = SDKROOT; };
		63AB633C19C2CFC100E2230F /* LoginViewController.h */ = {isa = PBXFileReference; fileEncoding = 4; lastKnownFileType = sourcecode.c.h; path = LoginViewController.h; sourceTree = "<group>"; };
		63AB633D19C2CFC100E2230F /* LoginViewController.m */ = {isa = PBXFileReference; fileEncoding = 4; lastKnownFileType = sourcecode.c.objc; path = LoginViewController.m; sourceTree = "<group>"; };
		63AB634619C2D77700E2230F /* ParseFacebookUtils.framework */ = {isa = PBXFileReference; lastKnownFileType = wrapper.framework; path = ParseFacebookUtils.framework; sourceTree = "<group>"; };
		63AB634819C311CB00E2230F /* Constants.h */ = {isa = PBXFileReference; fileEncoding = 4; lastKnownFileType = sourcecode.c.h; path = Constants.h; sourceTree = "<group>"; };
		63AB634919C311CB00E2230F /* Constants.m */ = {isa = PBXFileReference; fileEncoding = 4; lastKnownFileType = sourcecode.c.objc; path = Constants.m; sourceTree = "<group>"; };
/* End PBXFileReference section */

/* Begin PBXFrameworksBuildPhase section */
		63AB62F019C2CB1100E2230F /* Frameworks */ = {
			isa = PBXFrameworksBuildPhase;
			buildActionMask = 2147483647;
			files = (
				63AB634719C2D77700E2230F /* ParseFacebookUtils.framework in Frameworks */,
				63AB633B19C2CF7800E2230F /* CFNetwork.framework in Frameworks */,
				63AB633919C2CF4A00E2230F /* StoreKit.framework in Frameworks */,
				63AB633719C2CF4000E2230F /* SystemConfiguration.framework in Frameworks */,
				63AB633519C2CF3400E2230F /* Security.framework in Frameworks */,
				63AB633319C2CF2100E2230F /* QuartzCore.framework in Frameworks */,
				63AB633119C2CF1800E2230F /* MobileCoreServices.framework in Frameworks */,
				63AB632F19C2CF0300E2230F /* libz.1.1.3.dylib in Frameworks */,
				63AB632D19C2CEB600E2230F /* CoreLocation.framework in Frameworks */,
				63AB632B19C2CEAF00E2230F /* CoreGraphics.framework in Frameworks */,
				63AB632919C2CE6C00E2230F /* AudioToolbox.framework in Frameworks */,
				63AB632419C2CBEC00E2230F /* FacebookSDK.framework in Frameworks */,
				63AB632619C2CBEC00E2230F /* Parse.framework in Frameworks */,
				63AB632519C2CBEC00E2230F /* Bolts.framework in Frameworks */,
			);
			runOnlyForDeploymentPostprocessing = 0;
		};
		63AB630C19C2CB1200E2230F /* Frameworks */ = {
			isa = PBXFrameworksBuildPhase;
			buildActionMask = 2147483647;
			files = (
			);
			runOnlyForDeploymentPostprocessing = 0;
		};
/* End PBXFrameworksBuildPhase section */

/* Begin PBXGroup section */
		63AB62EA19C2CB1100E2230F = {
			isa = PBXGroup;
			children = (
				63AB62F519C2CB1100E2230F /* MatchedUp */,
				63AB631219C2CB1200E2230F /* MatchedUpTests */,
				63AB62F419C2CB1100E2230F /* Products */,
			);
			sourceTree = "<group>";
		};
		63AB62F419C2CB1100E2230F /* Products */ = {
			isa = PBXGroup;
			children = (
				63AB62F319C2CB1100E2230F /* MatchedUp.app */,
				63AB630F19C2CB1200E2230F /* MatchedUpTests.xctest */,
			);
			name = Products;
			sourceTree = "<group>";
		};
		63AB62F519C2CB1100E2230F /* MatchedUp */ = {
			isa = PBXGroup;
			children = (
				63AB633F19C2CFCA00E2230F /* Login */,
				63AB62FA19C2CB1100E2230F /* AppDelegate.h */,
				63AB62FB19C2CB1100E2230F /* AppDelegate.m */,
				63AB62FD19C2CB1100E2230F /* FirstViewController.h */,
				63AB62FE19C2CB1100E2230F /* FirstViewController.m */,
				63AB630019C2CB1100E2230F /* SecondViewController.h */,
				63AB630119C2CB1100E2230F /* SecondViewController.m */,
				63AB630319C2CB1100E2230F /* Main.storyboard */,
				63AB630619C2CB1100E2230F /* Images.xcassets */,
				63AB630819C2CB1100E2230F /* LaunchScreen.xib */,
				63AB62F619C2CB1100E2230F /* Supporting Files */,
				63AB631F19C2CBAC00E2230F /* Frameworks */,
			);
			path = MatchedUp;
			sourceTree = "<group>";
		};
		63AB62F619C2CB1100E2230F /* Supporting Files */ = {
			isa = PBXGroup;
			children = (
				63AB634819C311CB00E2230F /* Constants.h */,
				63AB634919C311CB00E2230F /* Constants.m */,
				63AB62F719C2CB1100E2230F /* Info.plist */,
				63AB62F819C2CB1100E2230F /* main.m */,
			);
			name = "Supporting Files";
			sourceTree = "<group>";
		};
		63AB631219C2CB1200E2230F /* MatchedUpTests */ = {
			isa = PBXGroup;
			children = (
				63AB631519C2CB1200E2230F /* MatchedUpTests.m */,
				63AB631319C2CB1200E2230F /* Supporting Files */,
			);
			path = MatchedUpTests;
			sourceTree = "<group>";
		};
		63AB631319C2CB1200E2230F /* Supporting Files */ = {
			isa = PBXGroup;
			children = (
				63AB631419C2CB1200E2230F /* Info.plist */,
			);
			name = "Supporting Files";
			sourceTree = "<group>";
		};
		63AB631F19C2CBAC00E2230F /* Frameworks */ = {
			isa = PBXGroup;
			children = (
				63AB633A19C2CF7800E2230F /* CFNetwork.framework */,
				63AB633819C2CF4A00E2230F /* StoreKit.framework */,
				63AB633619C2CF4000E2230F /* SystemConfiguration.framework */,
				63AB633419C2CF3400E2230F /* Security.framework */,
				63AB633219C2CF2100E2230F /* QuartzCore.framework */,
				63AB633019C2CF1800E2230F /* MobileCoreServices.framework */,
				63AB632E19C2CF0300E2230F /* libz.1.1.3.dylib */,
				63AB632C19C2CEB600E2230F /* CoreLocation.framework */,
				63AB632A19C2CEAF00E2230F /* CoreGraphics.framework */,
				63AB632819C2CE6C00E2230F /* AudioToolbox.framework */,
				63AB632119C2CBEC00E2230F /* Bolts.framework */,
				63AB632219C2CBEC00E2230F /* Parse.framework */,
				63AB632019C2CBEC00E2230F /* FacebookSDK.framework */,
				63AB634619C2D77700E2230F /* ParseFacebookUtils.framework */,
			);
			name = Frameworks;
			sourceTree = "<group>";
		};
		63AB633F19C2CFCA00E2230F /* Login */ = {
			isa = PBXGroup;
			children = (
				63AB633C19C2CFC100E2230F /* LoginViewController.h */,
				63AB633D19C2CFC100E2230F /* LoginViewController.m */,
			);
			name = Login;
			sourceTree = "<group>";
		};
/* End PBXGroup section */

/* Begin PBXNativeTarget section */
		63AB62F219C2CB1100E2230F /* MatchedUp */ = {
			isa = PBXNativeTarget;
			buildConfigurationList = 63AB631919C2CB1200E2230F /* Build configuration list for PBXNativeTarget "MatchedUp" */;
			buildPhases = (
				63AB62EF19C2CB1100E2230F /* Sources */,
				63AB62F019C2CB1100E2230F /* Frameworks */,
				63AB62F119C2CB1100E2230F /* Resources */,
			);
			buildRules = (
			);
			dependencies = (
			);
			name = MatchedUp;
			productName = MatchedUp;
			productReference = 63AB62F319C2CB1100E2230F /* MatchedUp.app */;
			productType = "com.apple.product-type.application";
		};
		63AB630E19C2CB1200E2230F /* MatchedUpTests */ = {
			isa = PBXNativeTarget;
			buildConfigurationList = 63AB631C19C2CB1200E2230F /* Build configuration list for PBXNativeTarget "MatchedUpTests" */;
			buildPhases = (
				63AB630B19C2CB1200E2230F /* Sources */,
				63AB630C19C2CB1200E2230F /* Frameworks */,
				63AB630D19C2CB1200E2230F /* Resources */,
			);
			buildRules = (
			);
			dependencies = (
				63AB631119C2CB1200E2230F /* PBXTargetDependency */,
			);
			name = MatchedUpTests;
			productName = MatchedUpTests;
			productReference = 63AB630F19C2CB1200E2230F /* MatchedUpTests.xctest */;
			productType = "com.apple.product-type.bundle.unit-test";
		};
/* End PBXNativeTarget section */

/* Begin PBXProject section */
		63AB62EB19C2CB1100E2230F /* Project object */ = {
			isa = PBXProject;
			attributes = {
				LastUpgradeCheck = 0600;
				ORGANIZATIONNAME = "piri-piri";
				TargetAttributes = {
					63AB62F219C2CB1100E2230F = {
						CreatedOnToolsVersion = 6.0;
					};
					63AB630E19C2CB1200E2230F = {
						CreatedOnToolsVersion = 6.0;
						TestTargetID = 63AB62F219C2CB1100E2230F;
					};
				};
			};
			buildConfigurationList = 63AB62EE19C2CB1100E2230F /* Build configuration list for PBXProject "MatchedUp" */;
			compatibilityVersion = "Xcode 3.2";
			developmentRegion = English;
			hasScannedForEncodings = 0;
			knownRegions = (
				en,
				Base,
			);
			mainGroup = 63AB62EA19C2CB1100E2230F;
			productRefGroup = 63AB62F419C2CB1100E2230F /* Products */;
			projectDirPath = "";
			projectRoot = "";
			targets = (
				63AB62F219C2CB1100E2230F /* MatchedUp */,
				63AB630E19C2CB1200E2230F /* MatchedUpTests */,
			);
		};
/* End PBXProject section */

/* Begin PBXResourcesBuildPhase section */
		63AB62F119C2CB1100E2230F /* Resources */ = {
			isa = PBXResourcesBuildPhase;
			buildActionMask = 2147483647;
			files = (
				63AB630519C2CB1100E2230F /* Main.storyboard in Resources */,
				63AB630A19C2CB1100E2230F /* LaunchScreen.xib in Resources */,
				63AB630719C2CB1100E2230F /* Images.xcassets in Resources */,
			);
			runOnlyForDeploymentPostprocessing = 0;
		};
		63AB630D19C2CB1200E2230F /* Resources */ = {
			isa = PBXResourcesBuildPhase;
			buildActionMask = 2147483647;
			files = (
			);
			runOnlyForDeploymentPostprocessing = 0;
		};
/* End PBXResourcesBuildPhase section */

/* Begin PBXSourcesBuildPhase section */
		63AB62EF19C2CB1100E2230F /* Sources */ = {
			isa = PBXSourcesBuildPhase;
			buildActionMask = 2147483647;
			files = (
				63AB630219C2CB1100E2230F /* SecondViewController.m in Sources */,
				63AB62FC19C2CB1100E2230F /* AppDelegate.m in Sources */,
				63AB62FF19C2CB1100E2230F /* FirstViewController.m in Sources */,
				63AB62F919C2CB1100E2230F /* main.m in Sources */,
				63AB633E19C2CFC100E2230F /* LoginViewController.m in Sources */,
				63AB634A19C311CB00E2230F /* Constants.m in Sources */,
			);
			runOnlyForDeploymentPostprocessing = 0;
		};
		63AB630B19C2CB1200E2230F /* Sources */ = {
			isa = PBXSourcesBuildPhase;
			buildActionMask = 2147483647;
			files = (
				63AB631619C2CB1200E2230F /* MatchedUpTests.m in Sources */,
			);
			runOnlyForDeploymentPostprocessing = 0;
		};
/* End PBXSourcesBuildPhase section */

/* Begin PBXTargetDependency section */
		63AB631119C2CB1200E2230F /* PBXTargetDependency */ = {
			isa = PBXTargetDependency;
			target = 63AB62F219C2CB1100E2230F /* MatchedUp */;
			targetProxy = 63AB631019C2CB1200E2230F /* PBXContainerItemProxy */;
		};
/* End PBXTargetDependency section */

/* Begin PBXVariantGroup section */
		63AB630319C2CB1100E2230F /* Main.storyboard */ = {
			isa = PBXVariantGroup;
			children = (
				63AB630419C2CB1100E2230F /* Base */,
			);
			name = Main.storyboard;
			sourceTree = "<group>";
		};
		63AB630819C2CB1100E2230F /* LaunchScreen.xib */ = {
			isa = PBXVariantGroup;
			children = (
				63AB630919C2CB1100E2230F /* Base */,
			);
			name = LaunchScreen.xib;
			sourceTree = "<group>";
		};
/* End PBXVariantGroup section */

/* Begin XCBuildConfiguration section */
		63AB631719C2CB1200E2230F /* Debug */ = {
			isa = XCBuildConfiguration;
			buildSettings = {
				ALWAYS_SEARCH_USER_PATHS = NO;
				CLANG_CXX_LANGUAGE_STANDARD = "gnu++0x";
				CLANG_CXX_LIBRARY = "libc++";
				CLANG_ENABLE_MODULES = YES;
				CLANG_ENABLE_OBJC_ARC = YES;
				CLANG_WARN_BOOL_CONVERSION = YES;
				CLANG_WARN_CONSTANT_CONVERSION = YES;
				CLANG_WARN_DIRECT_OBJC_ISA_USAGE = YES_ERROR;
				CLANG_WARN_EMPTY_BODY = YES;
				CLANG_WARN_ENUM_CONVERSION = YES;
				CLANG_WARN_INT_CONVERSION = YES;
				CLANG_WARN_OBJC_ROOT_CLASS = YES_ERROR;
				CLANG_WARN_UNREACHABLE_CODE = YES;
				CLANG_WARN__DUPLICATE_METHOD_MATCH = YES;
				"CODE_SIGN_IDENTITY[sdk=iphoneos*]" = "iPhone Developer";
				COPY_PHASE_STRIP = NO;
				ENABLE_STRICT_OBJC_MSGSEND = YES;
				GCC_C_LANGUAGE_STANDARD = gnu99;
				GCC_DYNAMIC_NO_PIC = NO;
				GCC_OPTIMIZATION_LEVEL = 0;
				GCC_PREPROCESSOR_DEFINITIONS = (
					"DEBUG=1",
					"$(inherited)",
				);
				GCC_SYMBOLS_PRIVATE_EXTERN = NO;
				GCC_WARN_64_TO_32_BIT_CONVERSION = YES;
				GCC_WARN_ABOUT_RETURN_TYPE = YES_ERROR;
				GCC_WARN_UNDECLARED_SELECTOR = YES;
				GCC_WARN_UNINITIALIZED_AUTOS = YES_AGGRESSIVE;
				GCC_WARN_UNUSED_FUNCTION = YES;
				GCC_WARN_UNUSED_VARIABLE = YES;
				IPHONEOS_DEPLOYMENT_TARGET = 8.0;
				MTL_ENABLE_DEBUG_INFO = YES;
				ONLY_ACTIVE_ARCH = YES;
				SDKROOT = iphoneos;
			};
			name = Debug;
		};
		63AB631819C2CB1200E2230F /* Release */ = {
			isa = XCBuildConfiguration;
			buildSettings = {
				ALWAYS_SEARCH_USER_PATHS = NO;
				CLANG_CXX_LANGUAGE_STANDARD = "gnu++0x";
				CLANG_CXX_LIBRARY = "libc++";
				CLANG_ENABLE_MODULES = YES;
				CLANG_ENABLE_OBJC_ARC = YES;
				CLANG_WARN_BOOL_CONVERSION = YES;
				CLANG_WARN_CONSTANT_CONVERSION = YES;
				CLANG_WARN_DIRECT_OBJC_ISA_USAGE = YES_ERROR;
				CLANG_WARN_EMPTY_BODY = YES;
				CLANG_WARN_ENUM_CONVERSION = YES;
				CLANG_WARN_INT_CONVERSION = YES;
				CLANG_WARN_OBJC_ROOT_CLASS = YES_ERROR;
				CLANG_WARN_UNREACHABLE_CODE = YES;
				CLANG_WARN__DUPLICATE_METHOD_MATCH = YES;
				"CODE_SIGN_IDENTITY[sdk=iphoneos*]" = "iPhone Developer";
				COPY_PHASE_STRIP = YES;
				ENABLE_NS_ASSERTIONS = NO;
				ENABLE_STRICT_OBJC_MSGSEND = YES;
				GCC_C_LANGUAGE_STANDARD = gnu99;
				GCC_WARN_64_TO_32_BIT_CONVERSION = YES;
				GCC_WARN_ABOUT_RETURN_TYPE = YES_ERROR;
				GCC_WARN_UNDECLARED_SELECTOR = YES;
				GCC_WARN_UNINITIALIZED_AUTOS = YES_AGGRESSIVE;
				GCC_WARN_UNUSED_FUNCTION = YES;
				GCC_WARN_UNUSED_VARIABLE = YES;
				IPHONEOS_DEPLOYMENT_TARGET = 8.0;
				MTL_ENABLE_DEBUG_INFO = NO;
				SDKROOT = iphoneos;
				VALIDATE_PRODUCT = YES;
			};
			name = Release;
		};
		63AB631A19C2CB1200E2230F /* Debug */ = {
			isa = XCBuildConfiguration;
			buildSettings = {
				ASSETCATALOG_COMPILER_APPICON_NAME = AppIcon;
				FRAMEWORK_SEARCH_PATHS = (
					"$(inherited)",
					"$(PROJECT_DIR)/MatchedUp",
				);
				INFOPLIST_FILE = MatchedUp/Info.plist;
				LD_RUNPATH_SEARCH_PATHS = "$(inherited) @executable_path/Frameworks";
				PRODUCT_NAME = "$(TARGET_NAME)";
			};
			name = Debug;
		};
		63AB631B19C2CB1200E2230F /* Release */ = {
			isa = XCBuildConfiguration;
			buildSettings = {
				ASSETCATALOG_COMPILER_APPICON_NAME = AppIcon;
				FRAMEWORK_SEARCH_PATHS = (
					"$(inherited)",
					"$(PROJECT_DIR)/MatchedUp",
				);
				INFOPLIST_FILE = MatchedUp/Info.plist;
				LD_RUNPATH_SEARCH_PATHS = "$(inherited) @executable_path/Frameworks";
				PRODUCT_NAME = "$(TARGET_NAME)";
			};
			name = Release;
		};
		63AB631D19C2CB1200E2230F /* Debug */ = {
			isa = XCBuildConfiguration;
			buildSettings = {
				BUNDLE_LOADER = "$(TEST_HOST)";
				FRAMEWORK_SEARCH_PATHS = (
					"$(SDKROOT)/Developer/Library/Frameworks",
					"$(inherited)",
				);
				GCC_PREPROCESSOR_DEFINITIONS = (
					"DEBUG=1",
					"$(inherited)",
				);
				INFOPLIST_FILE = MatchedUpTests/Info.plist;
				LD_RUNPATH_SEARCH_PATHS = "$(inherited) @executable_path/Frameworks @loader_path/Frameworks";
				PRODUCT_NAME = "$(TARGET_NAME)";
				TEST_HOST = "$(BUILT_PRODUCTS_DIR)/MatchedUp.app/MatchedUp";
			};
			name = Debug;
		};
		63AB631E19C2CB1200E2230F /* Release */ = {
			isa = XCBuildConfiguration;
			buildSettings = {
				BUNDLE_LOADER = "$(TEST_HOST)";
				FRAMEWORK_SEARCH_PATHS = (
					"$(SDKROOT)/Developer/Library/Frameworks",
					"$(inherited)",
				);
				INFOPLIST_FILE = MatchedUpTests/Info.plist;
				LD_RUNPATH_SEARCH_PATHS = "$(inherited) @executable_path/Frameworks @loader_path/Frameworks";
				PRODUCT_NAME = "$(TARGET_NAME)";
				TEST_HOST = "$(BUILT_PRODUCTS_DIR)/MatchedUp.app/MatchedUp";
			};
			name = Release;
		};
/* End XCBuildConfiguration section */

/* Begin XCConfigurationList section */
		63AB62EE19C2CB1100E2230F /* Build configuration list for PBXProject "MatchedUp" */ = {
			isa = XCConfigurationList;
			buildConfigurations = (
				63AB631719C2CB1200E2230F /* Debug */,
				63AB631819C2CB1200E2230F /* Release */,
			);
			defaultConfigurationIsVisible = 0;
			defaultConfigurationName = Release;
		};
		63AB631919C2CB1200E2230F /* Build configuration list for PBXNativeTarget "MatchedUp" */ = {
			isa = XCConfigurationList;
			buildConfigurations = (
				63AB631A19C2CB1200E2230F /* Debug */,
				63AB631B19C2CB1200E2230F /* Release */,
			);
			defaultConfigurationIsVisible = 0;
		};
		63AB631C19C2CB1200E2230F /* Build configuration list for PBXNativeTarget "MatchedUpTests" */ = {
			isa = XCConfigurationList;
			buildConfigurations = (
				63AB631D19C2CB1200E2230F /* Debug */,
				63AB631E19C2CB1200E2230F /* Release */,
			);
			defaultConfigurationIsVisible = 0;
		};
/* End XCConfigurationList section */
	};
	rootObject = 63AB62EB19C2CB1100E2230F /* Project object */;
}
